{
  "name": "liri-node-app",
  "version": "1.0.0",
  "lockfileVersion": 1,
  "requires": true,
  "dependencies": {
    "dfrrd": {
      "version": "0.2.0",
      "resolved": "https://registry.npmjs.org/dfrrd/-/dfrrd-0.2.0.tgz",
      "integrity": "sha1-ppI47LCMDr977EoPxQS5E+qKKK4="
    },
    "repeat": {
      "version": "0.0.6",
      "resolved": "https://registry.npmjs.org/repeat/-/repeat-0.0.6.tgz",
      "integrity": "sha1-bJ2BM+uM6vjjgPBsabUUF7fLDo0=",
      "requires": {
        "dfrrd": "0.2.0"
      }
    }
  }
}
